
Microsoft Visual Studio Solution File, Format Version 12.00
# Visual Studio Version 17
VisualStudioVersion = 17.8.34511.84
MinimumVisualStudioVersion = 10.0.40219.1
Project("{FAE04EC0-301F-11D3-BF4B-00C04F79EFBC}") = "PatronBridge", "PatronBridge.csproj", "{A24D29B7-A270-4D1A-B01C-52FC81FEED6E}"
EndProject
Global
	GlobalSection(SolutionConfigurationPlatforms) = preSolution
		Debug|Any CPU = Debug|Any CPU
		Release|Any CPU = Release|Any CPU
	EndGlobalSection
	GlobalSection(ProjectConfigurationPlatforms) = postSolution
		{A24D29B7-A270-4D1A-B01C-52FC81FEED6E}.Debug|Any CPU.ActiveCfg = Debug|Any CPU
		{A24D29B7-A270-4D1A-B01C-52FC81FEED6E}.Debug|Any CPU.Build.0 = Debug|Any CPU
		{A24D29B7-A270-4D1A-B01C-52FC81FEED6E}.Release|Any CPU.ActiveCfg = Release|Any CPU
		{A24D29B7-A270-4D1A-B01C-52FC81FEED6E}.Release|Any CPU.Build.0 = Release|Any CPU
	EndGlobalSection
	GlobalSection(SolutionProperties) = preSolution
		HideSolutionNode = FALSE
	EndGlobalSection
	GlobalSection(ExtensibilityGlobals) = postSolution
		SolutionGuid = {BDD3C343-2232-4F2E-9A12-073FE84C3184}
	EndGlobalSection
EndGlobal
